
Microsoft Visual Studio Solution File, Format Version 12.00
# Visual Studio 2012
Project("{FAE04EC0-301F-11D3-BF4B-00C04F79EFBC}") = "UDPM1K12_CD200429_TranQuangHa", "QLThanhToanTienDayLai\UDPM1K12_CD200429_TranQuangHa.csproj", "{C4C0721F-9780-42AC-A6D5-46AFD24F6A4A}"
EndProject
Project("{FAE04EC0-301F-11D3-BF4B-00C04F79EFBC}") = "DBLib", "DbLib\DBLib.csproj", "{B3F5A48F-9726-4F3D-8447-5CD80A32E342}"
EndProject
Global
	GlobalSection(SolutionConfigurationPlatforms) = preSolution
		Debug|Any CPU = Debug|Any CPU
		Release|Any CPU = Release|Any CPU
	EndGlobalSection
	GlobalSection(ProjectConfigurationPlatforms) = postSolution
		{C4C0721F-9780-42AC-A6D5-46AFD24F6A4A}.Debug|Any CPU.ActiveCfg = Debug|Any CPU
		{C4C0721F-9780-42AC-A6D5-46AFD24F6A4A}.Debug|Any CPU.Build.0 = Debug|Any CPU
		{C4C0721F-9780-42AC-A6D5-46AFD24F6A4A}.Release|Any CPU.ActiveCfg = Release|Any CPU
		{C4C0721F-9780-42AC-A6D5-46AFD24F6A4A}.Release|Any CPU.Build.0 = Release|Any CPU
		{B3F5A48F-9726-4F3D-8447-5CD80A32E342}.Debug|Any CPU.ActiveCfg = Debug|Any CPU
		{B3F5A48F-9726-4F3D-8447-5CD80A32E342}.Debug|Any CPU.Build.0 = Debug|Any CPU
		{B3F5A48F-9726-4F3D-8447-5CD80A32E342}.Release|Any CPU.ActiveCfg = Release|Any CPU
		{B3F5A48F-9726-4F3D-8447-5CD80A32E342}.Release|Any CPU.Build.0 = Release|Any CPU
	EndGlobalSection
	GlobalSection(SolutionProperties) = preSolution
		HideSolutionNode = FALSE
	EndGlobalSection
EndGlobal
